<Solution>
  <Folder Name="/README/">
    <File Path="Directory.Build.props" />
    <File Path="README.md" />
    <File Path="README_RU.md" />
  </Folder>
  <Folder Name="/docs/">
    <File Path="docs/Doctrine.ru.md" />
    <File Path="docs/Doctrine.en.md" />
    <File Path="docs/TODO.md" />
    <File Path="docs/TODO_SQLITE_VULN.md" />
    <File Path="docs/readme_security.md" />
    <File Path="docs/readme_security_ru.md" />
    <File Path="docs/sys_prompt_rules_ru.md" />
    <File Path="docs/skills_lifecycle_plan.md" />
    <File Path="docs/data-channel-plan.md" />
    <File Path="docs/schema-editor-plan.md" />
    <File Path="docs/schema-editor-doc-a-schemas.md" />
    <File Path="docs/schema-editor-doc-b-tokens.md" />
    <File Path="docs/web-vue-migration-plan.md" />
    <File Path="docs/browser-playwright-plugin-plan.md" />
    <File Path="docs/host-abstraction-plan.md" />
  </Folder>
  <Folder Name="/agents/">
    <File Path="agents/avalonia.md" />
    <File Path="agents/data-ownership.md" />
    <File Path="agents/documentation.md" />
    <File Path="agents/observability.md" />
    <File Path="agents/plugins.md" />
    <File Path="agents/security.md" />
    <File Path="agents/spla-file.md" />
    <File Path="agents/structure.md" />
    <File Path="agents/skills.md" />
    <File Path="agents/sys_prompt_rules.md" />
    <File Path="agents/tool-help.md" />
    <File Path="agents/tool-args.md" />
    <File Path="agents/ui-theming.md" />
  </Folder>
  <Folder Name="/web/">
    <File Path="web/package.json" />
    <File Path="web/vite.config.ts" />
    <File Path="web/tsconfig.json" />
    <File Path="web/index.html" />
    <File Path="web/src/main.ts" />
    <File Path="web/src/protocol/SplaClient.ts" />
    <File Path="web/src/protocol/types.ts" />
    <File Path="web/src/state/store.ts" />
    <File Path="web/src/state/uiBus.ts" />
    <File Path="web/src/layouts/layouts.ts" />
    <File Path="web/src/layouts/LayoutHost.vue" />
    <File Path="web/src/layouts/LayoutNodeView.vue" />
    <File Path="web/src/surfaces/registry.ts" />
    <File Path="web/src/composables/useMarkdown.ts" />
    <File Path="web/src/composables/useFsBrowser.ts" />
    <File Path="web/src/surfaces/Workspace/WorkspaceShell.vue" />
    <File Path="web/src/surfaces/Workspace/FileBrowser.vue" />
    <File Path="web/src/surfaces/Workspace/BrowserNode.vue" />
    <File Path="web/src/surfaces/Workspace/EditorHost.vue" />
    <File Path="web/src/surfaces/Workspace/editors/TextEditor.vue" />
    <File Path="web/src/surfaces/Workspace/editors/MarkdownPreview.vue" />
    <File Path="web/src/surfaces/Workspace/editors/FormsEditor.vue" />
    <File Path="web/src/surfaces/Workspace/editors/formsRegistry.ts" />
    <File Path="web/src/surfaces/Workspace/editors/TableArrayRenderer.vue" />
  </Folder>
  <Folder Name="/skills/network/">
    <File Path="src\plugins\SPLA.Skills.Network\host-audit.md" />
    <File Path="src\plugins\SPLA.Skills.Network\lan-discovery.md" />
    <File Path="src\plugins\SPLA.Skills.Network\network-range-audit.md" />
    <File Path="src\plugins\SPLA.Skills.Network\dns-diagnostics.md" />
    <File Path="src\plugins\SPLA.Skills.Network\ssl-audit.md" />
    <File Path="src\plugins\SPLA.Skills.Network\smtp-probe.md" />
  </Folder>
  <Folder Name="/src/">
    <Project Path="src/core/SPLA.Domain/SPLA.Domain.csproj" />
    <Project Path="src/agent/SPLA.Agent/SPLA.Agent.csproj" />
    <Project Path="src/core/SPLA.MCP.Core/SPLA.MCP.Core.csproj" />
    <Project Path="src/agent/SPLA.MCP.BasicTools/SPLA.MCP.BasicTools.csproj" />
    <Project Path="src/core/SPLA.Observability/SPLA.Observability.csproj" />
    <Project Path="src/editor/SPLA.Editor.Schema/SPLA.Editor.Schema.csproj" />
    <Project Path="src/llm/SPLA.LLM.LMStudio/SPLA.LLM.LMStudio.csproj" />
    <Project Path="src/identity/SPLA.Identity.Windows/SPLA.Identity.Windows.csproj" />
  </Folder>
  <Folder Name="/src/service/">
    <Project Path="src/service/SPLA.Service/SPLA.Service.csproj" />
    <Project Path="src/service/SPLA.Service.Contracts/SPLA.Service.Contracts.csproj" />
  </Folder>
  <Folder Name="/apps/">
    <Project Path="src/apps/SPLA.CLI/SPLA.CLI.csproj" />
    <Project Path="src/apps/SPLA.Server/SPLA.Server.csproj" />
    <Project Path="src/apps/SPLA.UI.Avalonia/SPLA.UI.Avalonia.csproj" />
  </Folder>
  <Folder Name="/plugins/">
    <Project Path="src/plugins/SPLA.Plugins.Browser/SPLA.Plugins.Browser.csproj" />
    <Project Path="src/plugins/SPLA.Plugins.Host.Avalonia/SPLA.Plugins.Host.Avalonia.csproj" />
    <Project Path="src/plugins/SPLA.Plugins.Network/SPLA.Plugins.Network.csproj" />
    <Project Path="src/plugins/SPLA.Plugins.Roslyn/SPLA.Plugins.Roslyn.csproj" />
    <Project Path="src/plugins/SPLA.Plugins.Sql/SPLA.Plugins.Sql.csproj" />
    <Project Path="src/plugins/SPLA.Plugins.Sql.Avalonia/SPLA.Plugins.Sql.Avalonia.csproj" />
    <Project Path="src/plugins/SPLA.Plugins.OneC/SPLA.Plugins.OneC.csproj" />
    <Project Path="src/plugins/SPLA.Plugins.OneC.Avalonia/SPLA.Plugins.OneC.Avalonia.csproj" />
    <Project Path="src/plugins/SPLA.Skills.Network/SPLA.Skills.Network.csproj" />
  </Folder>
  <Folder Name="/tests/">
    <Project Path="tests/SPLA.Tests/SPLA.Tests.csproj" />
  </Folder>
</Solution>
