<Solution>
  <Folder Name="/README/">
    <File Path="Directory.Build.props" />
    <File Path="README.md" />
    <File Path="README_RU.md" />
  </Folder>
  <Folder Name="/docs/">
    <File Path="docs/TODO.md" />
    <File Path="docs/readme_security.md" />
    <File Path="docs/readme_security_ru.md" />
  </Folder>
  <Folder Name="/agents/">
    <File Path="agents/avalonia.md" />
    <File Path="agents/documentation.md" />
    <File Path="agents/observability.md" />
    <File Path="agents/plugins.md" />
    <File Path="agents/security.md" />
    <File Path="agents/spla-file.md" />
    <File Path="agents/structure.md" />
    <File Path="agents/tool-help.md" />
    <File Path="agents/ui-theming.md" />
  </Folder>
  <Project Path="SPLA.CLI/SPLA.CLI.csproj" />
  <Project Path="SPLA.Domain/SPLA.Domain.csproj" />
  <Project Path="SPLA.LLM.LMStudio/SPLA.LLM.LMStudio.csproj" />
  <Project Path="SPLA.MCP.BasicTools/SPLA.MCP.BasicTools.csproj" />
  <Project Path="SPLA.MCP.Core/SPLA.MCP.Core.csproj" />
  <Project Path="SPLA.Observability/SPLA.Observability.csproj" />
  <Project Path="SPLA.Plugins.Network/SPLA.Plugins.Network.csproj" />
  <Folder Name="/plugins/network/skills/">
    <File Path="SPLA.Plugins.Network.Skills\host-audit.md" />
    <File Path="SPLA.Plugins.Network.Skills\lan-discovery.md" />
    <File Path="SPLA.Plugins.Network.Skills\dns-diagnostics.md" />
    <File Path="SPLA.Plugins.Network.Skills\ssl-audit.md" />
    <File Path="SPLA.Plugins.Network.Skills\smtp-probe.md" />
  </Folder>
  <Project Path="SPLA.Plugins.Host.Avalonia/SPLA.Plugins.Host.Avalonia.csproj" />
  <Project Path="SPLA.Plugins.OneC/SPLA.Plugins.OneC.csproj" />
  <Project Path="SPLA.Plugins.OneC.Avalonia/SPLA.Plugins.OneC.Avalonia.csproj" />
  <Project Path="SPLA.UI.Avalonia/SPLA.UI.Avalonia.csproj" />
  <Project Path="SPLA.Tests/SPLA.Tests.csproj" />
</Solution>
